
Microsoft Visual Studio Solution File, Format Version 12.00
# Visual Studio 2012
Project("{FAE04EC0-301F-11D3-BF4B-00C04F79EFBC}") = "TextUtils", "TextUtils\TextUtils.csproj", "{8EA993CF-D98E-4807-9390-57BFC82E0B0E}"
EndProject
Project("{FAE04EC0-301F-11D3-BF4B-00C04F79EFBC}") = "TestLibrary", "TestLibrary\TestLibrary.csproj", "{4D956E86-B806-435C-A388-B55CF9932AA3}"
EndProject
Global
	GlobalSection(SolutionConfigurationPlatforms) = preSolution
		Debug|Any CPU = Debug|Any CPU
		Release|Any CPU = Release|Any CPU
	EndGlobalSection
	GlobalSection(ProjectConfigurationPlatforms) = postSolution
		{8EA993CF-D98E-4807-9390-57BFC82E0B0E}.Debug|Any CPU.ActiveCfg = Debug|Any CPU
		{8EA993CF-D98E-4807-9390-57BFC82E0B0E}.Debug|Any CPU.Build.0 = Debug|Any CPU
		{8EA993CF-D98E-4807-9390-57BFC82E0B0E}.Release|Any CPU.ActiveCfg = Release|Any CPU
		{8EA993CF-D98E-4807-9390-57BFC82E0B0E}.Release|Any CPU.Build.0 = Release|Any CPU
		{4D956E86-B806-435C-A388-B55CF9932AA3}.Debug|Any CPU.ActiveCfg = Debug|Any CPU
		{4D956E86-B806-435C-A388-B55CF9932AA3}.Debug|Any CPU.Build.0 = Debug|Any CPU
		{4D956E86-B806-435C-A388-B55CF9932AA3}.Release|Any CPU.ActiveCfg = Release|Any CPU
		{4D956E86-B806-435C-A388-B55CF9932AA3}.Release|Any CPU.Build.0 = Release|Any CPU
	EndGlobalSection
EndGlobal
